// !$*UTF8*$!
{
	archiveVersion = 1;
	classes = {
	};
	objectVersion = 50;
	objects = {

/* Begin PBXBuildFile section */
		141A7FB3214FF542008DB10A /* CityNode.swift in Sources */ = {isa = PBXBuildFile; fileRef = 141A7FB1214FF541008DB10A /* CityNode.swift */; };
		141A7FB4214FF542008DB10A /* CitiesTrie.swift in Sources */ = {isa = PBXBuildFile; fileRef = 141A7FB2214FF541008DB10A /* CitiesTrie.swift */; };
		14239522214D385F00D943A0 /* AppDelegate.swift in Sources */ = {isa = PBXBuildFile; fileRef = 14239521214D385F00D943A0 /* AppDelegate.swift */; };
		14239524214D385F00D943A0 /* CitiesSearchViewController.swift in Sources */ = {isa = PBXBuildFile; fileRef = 14239523214D385F00D943A0 /* CitiesSearchViewController.swift */; };
		14239527214D385F00D943A0 /* Main.storyboard in Resources */ = {isa = PBXBuildFile; fileRef = 14239525214D385F00D943A0 /* Main.storyboard */; };
		14239529214D386000D943A0 /* Assets.xcassets in Resources */ = {isa = PBXBuildFile; fileRef = 14239528214D386000D943A0 /* Assets.xcassets */; };
		1423952C214D386000D943A0 /* LaunchScreen.storyboard in Resources */ = {isa = PBXBuildFile; fileRef = 1423952A214D386000D943A0 /* LaunchScreen.storyboard */; };
		1423954A214D3AC000D943A0 /* City.swift in Sources */ = {isa = PBXBuildFile; fileRef = 14239548214D3AC000D943A0 /* City.swift */; };
		1423954D214D3B6900D943A0 /* CityService.swift in Sources */ = {isa = PBXBuildFile; fileRef = 1423954C214D3B6900D943A0 /* CityService.swift */; };
		14239550214D3BE200D943A0 /* cities.json in Resources */ = {isa = PBXBuildFile; fileRef = 1423954F214D3BE200D943A0 /* cities.json */; };
		14239552214D3DB400D943A0 /* CitiesViewModel.swift in Sources */ = {isa = PBXBuildFile; fileRef = 14239551214D3DB400D943A0 /* CitiesViewModel.swift */; };
		1423955F214D8A6000D943A0 /* CityMapViewController.swift in Sources */ = {isa = PBXBuildFile; fileRef = 1423955E214D8A6000D943A0 /* CityMapViewController.swift */; };
		14239581214E99E300D943A0 /* t.json in Resources */ = {isa = PBXBuildFile; fileRef = 14239567214E99E300D943A0 /* t.json */; };
		14239582214E99E300D943A0 /* a.json in Resources */ = {isa = PBXBuildFile; fileRef = 14239568214E99E300D943A0 /* a.json */; };
		14239583214E99E300D943A0 /* x.json in Resources */ = {isa = PBXBuildFile; fileRef = 14239569214E99E300D943A0 /* x.json */; };
		14239584214E99E300D943A0 /* m.json in Resources */ = {isa = PBXBuildFile; fileRef = 1423956A214E99E300D943A0 /* m.json */; };
		14239585214E99E300D943A0 /* l.json in Resources */ = {isa = PBXBuildFile; fileRef = 1423956B214E99E300D943A0 /* l.json */; };
		14239586214E99E300D943A0 /* y.json in Resources */ = {isa = PBXBuildFile; fileRef = 1423956C214E99E300D943A0 /* y.json */; };
		14239587214E99E300D943A0 /* u.json in Resources */ = {isa = PBXBuildFile; fileRef = 1423956D214E99E300D943A0 /* u.json */; };
		14239588214E99E300D943A0 /* k.json in Resources */ = {isa = PBXBuildFile; fileRef = 1423956E214E99E300D943A0 /* k.json */; };
		14239589214E99E300D943A0 /* r.json in Resources */ = {isa = PBXBuildFile; fileRef = 1423956F214E99E300D943A0 /* r.json */; };
		1423958A214E99E300D943A0 /* g.json in Resources */ = {isa = PBXBuildFile; fileRef = 14239570214E99E300D943A0 /* g.json */; };
		1423958B214E99E300D943A0 /* f.json in Resources */ = {isa = PBXBuildFile; fileRef = 14239571214E99E300D943A0 /* f.json */; };
		1423958C214E99E300D943A0 /* s.json in Resources */ = {isa = PBXBuildFile; fileRef = 14239572214E99E300D943A0 /* s.json */; };
		1423958D214E99E300D943A0 /* j.json in Resources */ = {isa = PBXBuildFile; fileRef = 14239573214E99E300D943A0 /* j.json */; };
		1423958E214E99E300D943A0 /* i.json in Resources */ = {isa = PBXBuildFile; fileRef = 14239574214E99E300D943A0 /* i.json */; };
		1423958F214E99E300D943A0 /* e.json in Resources */ = {isa = PBXBuildFile; fileRef = 14239575214E99E300D943A0 /* e.json */; };
		14239590214E99E300D943A0 /* p.json in Resources */ = {isa = PBXBuildFile; fileRef = 14239576214E99E300D943A0 /* p.json */; };
		14239591214E99E300D943A0 /* q.json in Resources */ = {isa = PBXBuildFile; fileRef = 14239577214E99E300D943A0 /* q.json */; };
		14239592214E99E300D943A0 /* d.json in Resources */ = {isa = PBXBuildFile; fileRef = 14239578214E99E300D943A0 /* d.json */; };
		14239593214E99E300D943A0 /* h.json in Resources */ = {isa = PBXBuildFile; fileRef = 14239579214E99E300D943A0 /* h.json */; };
		14239594214E99E300D943A0 /* c.json in Resources */ = {isa = PBXBuildFile; fileRef = 1423957A214E99E300D943A0 /* c.json */; };
		14239595214E99E300D943A0 /* v.json in Resources */ = {isa = PBXBuildFile; fileRef = 1423957B214E99E300D943A0 /* v.json */; };
		14239596214E99E300D943A0 /* o.json in Resources */ = {isa = PBXBuildFile; fileRef = 1423957C214E99E300D943A0 /* o.json */; };
		14239597214E99E300D943A0 /* z.json in Resources */ = {isa = PBXBuildFile; fileRef = 1423957D214E99E300D943A0 /* z.json */; };
		14239598214E99E300D943A0 /* n.json in Resources */ = {isa = PBXBuildFile; fileRef = 1423957E214E99E300D943A0 /* n.json */; };
		14239599214E99E300D943A0 /* w.json in Resources */ = {isa = PBXBuildFile; fileRef = 1423957F214E99E300D943A0 /* w.json */; };
		1423959A214E99E300D943A0 /* b.json in Resources */ = {isa = PBXBuildFile; fileRef = 14239580214E99E300D943A0 /* b.json */; };
		1423959E214ED2F300D943A0 /* CityServiceTest.swift in Sources */ = {isa = PBXBuildFile; fileRef = 1423959D214ED2F300D943A0 /* CityServiceTest.swift */; };
		142395A0214ED56D00D943A0 /* CitiesViewModelTest.swift in Sources */ = {isa = PBXBuildFile; fileRef = 1423959F214ED56D00D943A0 /* CitiesViewModelTest.swift */; };
		142395A2214EDB8100D943A0 /* CitiesTriesTest.swift in Sources */ = {isa = PBXBuildFile; fileRef = 142395A1214EDB8100D943A0 /* CitiesTriesTest.swift */; };
		1457FC73214F30CF000C080E /* String+Special.swift in Sources */ = {isa = PBXBuildFile; fileRef = 1457FC72214F30CF000C080E /* String+Special.swift */; };
		146724DA2155707600D5FA6B /* CityMapViewModel.swift in Sources */ = {isa = PBXBuildFile; fileRef = 146724D92155707600D5FA6B /* CityMapViewModel.swift */; };
		14B42B4E214F7022009AE077 /* sp.json in Resources */ = {isa = PBXBuildFile; fileRef = 14B42B4D214F7021009AE077 /* sp.json */; };
		14B42B51214FA376009AE077 /* Constant.swift in Sources */ = {isa = PBXBuildFile; fileRef = 14B42B50214FA376009AE077 /* Constant.swift */; };
/* End PBXBuildFile section */

/* Begin PBXContainerItemProxy section */
		14239533214D386000D943A0 /* PBXContainerItemProxy */ = {
			isa = PBXContainerItemProxy;
			containerPortal = 14239516214D385F00D943A0 /* Project object */;
			proxyType = 1;
			remoteGlobalIDString = 1423951D214D385F00D943A0;
			remoteInfo = SearchCities;
		};
/* End PBXContainerItemProxy section */

/* Begin PBXFileReference section */
		141A7FB1214FF541008DB10A /* CityNode.swift */ = {isa = PBXFileReference; fileEncoding = 4; lastKnownFileType = sourcecode.swift; path = CityNode.swift; sourceTree = "<group>"; };
		141A7FB2214FF541008DB10A /* CitiesTrie.swift */ = {isa = PBXFileReference; fileEncoding = 4; lastKnownFileType = sourcecode.swift; path = CitiesTrie.swift; sourceTree = "<group>"; };
		1423951E214D385F00D943A0 /* SearchCities.app */ = {isa = PBXFileReference; explicitFileType = wrapper.application; includeInIndex = 0; path = SearchCities.app; sourceTree = BUILT_PRODUCTS_DIR; };
		14239521214D385F00D943A0 /* AppDelegate.swift */ = {isa = PBXFileReference; lastKnownFileType = sourcecode.swift; path = AppDelegate.swift; sourceTree = "<group>"; };
		14239523214D385F00D943A0 /* CitiesSearchViewController.swift */ = {isa = PBXFileReference; lastKnownFileType = sourcecode.swift; path = CitiesSearchViewController.swift; sourceTree = "<group>"; };
		14239526214D385F00D943A0 /* Base */ = {isa = PBXFileReference; lastKnownFileType = file.storyboard; name = Base; path = Base.lproj/Main.storyboard; sourceTree = "<group>"; };
		14239528214D386000D943A0 /* Assets.xcassets */ = {isa = PBXFileReference; lastKnownFileType = folder.assetcatalog; path = Assets.xcassets; sourceTree = "<group>"; };
		1423952B214D386000D943A0 /* Base */ = {isa = PBXFileReference; lastKnownFileType = file.storyboard; name = Base; path = Base.lproj/LaunchScreen.storyboard; sourceTree = "<group>"; };
		1423952D214D386000D943A0 /* Info.plist */ = {isa = PBXFileReference; lastKnownFileType = text.plist.xml; path = Info.plist; sourceTree = "<group>"; };
		14239532214D386000D943A0 /* SearchCitiesTests.xctest */ = {isa = PBXFileReference; explicitFileType = wrapper.cfbundle; includeInIndex = 0; path = SearchCitiesTests.xctest; sourceTree = BUILT_PRODUCTS_DIR; };
		14239538214D386000D943A0 /* Info.plist */ = {isa = PBXFileReference; lastKnownFileType = text.plist.xml; path = Info.plist; sourceTree = "<group>"; };
		14239548214D3AC000D943A0 /* City.swift */ = {isa = PBXFileReference; fileEncoding = 4; lastKnownFileType = sourcecode.swift; path = City.swift; sourceTree = "<group>"; };
		1423954C214D3B6900D943A0 /* CityService.swift */ = {isa = PBXFileReference; lastKnownFileType = sourcecode.swift; path = CityService.swift; sourceTree = "<group>"; };
		1423954F214D3BE200D943A0 /* cities.json */ = {isa = PBXFileReference; fileEncoding = 4; lastKnownFileType = text.json; path = cities.json; sourceTree = "<group>"; };
		14239551214D3DB400D943A0 /* CitiesViewModel.swift */ = {isa = PBXFileReference; lastKnownFileType = sourcecode.swift; path = CitiesViewModel.swift; sourceTree = "<group>"; };
		1423955E214D8A6000D943A0 /* CityMapViewController.swift */ = {isa = PBXFileReference; lastKnownFileType = sourcecode.swift; path = CityMapViewController.swift; sourceTree = "<group>"; };
		14239567214E99E300D943A0 /* t.json */ = {isa = PBXFileReference; fileEncoding = 4; lastKnownFileType = text.json; path = t.json; sourceTree = "<group>"; };
		14239568214E99E300D943A0 /* a.json */ = {isa = PBXFileReference; fileEncoding = 4; lastKnownFileType = text.json; path = a.json; sourceTree = "<group>"; };
		14239569214E99E300D943A0 /* x.json */ = {isa = PBXFileReference; fileEncoding = 4; lastKnownFileType = text.json; path = x.json; sourceTree = "<group>"; };
		1423956A214E99E300D943A0 /* m.json */ = {isa = PBXFileReference; fileEncoding = 4; lastKnownFileType = text.json; path = m.json; sourceTree = "<group>"; };
		1423956B214E99E300D943A0 /* l.json */ = {isa = PBXFileReference; fileEncoding = 4; lastKnownFileType = text.json; path = l.json; sourceTree = "<group>"; };
		1423956C214E99E300D943A0 /* y.json */ = {isa = PBXFileReference; fileEncoding = 4; lastKnownFileType = text.json; path = y.json; sourceTree = "<group>"; };
		1423956D214E99E300D943A0 /* u.json */ = {isa = PBXFileReference; fileEncoding = 4; lastKnownFileType = text.json; path = u.json; sourceTree = "<group>"; };
		1423956E214E99E300D943A0 /* k.json */ = {isa = PBXFileReference; fileEncoding = 4; lastKnownFileType = text.json; path = k.json; sourceTree = "<group>"; };
		1423956F214E99E300D943A0 /* r.json */ = {isa = PBXFileReference; fileEncoding = 4; lastKnownFileType = text.json; path = r.json; sourceTree = "<group>"; };
		14239570214E99E300D943A0 /* g.json */ = {isa = PBXFileReference; fileEncoding = 4; lastKnownFileType = text.json; path = g.json; sourceTree = "<group>"; };
		14239571214E99E300D943A0 /* f.json */ = {isa = PBXFileReference; fileEncoding = 4; lastKnownFileType = text.json; path = f.json; sourceTree = "<group>"; };
		14239572214E99E300D943A0 /* s.json */ = {isa = PBXFileReference; fileEncoding = 4; lastKnownFileType = text.json; path = s.json; sourceTree = "<group>"; };
		14239573214E99E300D943A0 /* j.json */ = {isa = PBXFileReference; fileEncoding = 4; lastKnownFileType = text.json; path = j.json; sourceTree = "<group>"; };
		14239574214E99E300D943A0 /* i.json */ = {isa = PBXFileReference; fileEncoding = 4; lastKnownFileType = text.json; path = i.json; sourceTree = "<group>"; };
		14239575214E99E300D943A0 /* e.json */ = {isa = PBXFileReference; fileEncoding = 4; lastKnownFileType = text.json; path = e.json; sourceTree = "<group>"; };
		14239576214E99E300D943A0 /* p.json */ = {isa = PBXFileReference; fileEncoding = 4; lastKnownFileType = text.json; path = p.json; sourceTree = "<group>"; };
		14239577214E99E300D943A0 /* q.json */ = {isa = PBXFileReference; fileEncoding = 4; lastKnownFileType = text.json; path = q.json; sourceTree = "<group>"; };
		14239578214E99E300D943A0 /* d.json */ = {isa = PBXFileReference; fileEncoding = 4; lastKnownFileType = text.json; path = d.json; sourceTree = "<group>"; };
		14239579214E99E300D943A0 /* h.json */ = {isa = PBXFileReference; fileEncoding = 4; lastKnownFileType = text.json; path = h.json; sourceTree = "<group>"; };
		1423957A214E99E300D943A0 /* c.json */ = {isa = PBXFileReference; fileEncoding = 4; lastKnownFileType = text.json; path = c.json; sourceTree = "<group>"; };
		1423957B214E99E300D943A0 /* v.json */ = {isa = PBXFileReference; fileEncoding = 4; lastKnownFileType = text.json; path = v.json; sourceTree = "<group>"; };
		1423957C214E99E300D943A0 /* o.json */ = {isa = PBXFileReference; fileEncoding = 4; lastKnownFileType = text.json; path = o.json; sourceTree = "<group>"; };
		1423957D214E99E300D943A0 /* z.json */ = {isa = PBXFileReference; fileEncoding = 4; lastKnownFileType = text.json; path = z.json; sourceTree = "<group>"; };
		1423957E214E99E300D943A0 /* n.json */ = {isa = PBXFileReference; fileEncoding = 4; lastKnownFileType = text.json; path = n.json; sourceTree = "<group>"; };
		1423957F214E99E300D943A0 /* w.json */ = {isa = PBXFileReference; fileEncoding = 4; lastKnownFileType = text.json; path = w.json; sourceTree = "<group>"; };
		14239580214E99E300D943A0 /* b.json */ = {isa = PBXFileReference; fileEncoding = 4; lastKnownFileType = text.json; path = b.json; sourceTree = "<group>"; };
		1423959D214ED2F300D943A0 /* CityServiceTest.swift */ = {isa = PBXFileReference; lastKnownFileType = sourcecode.swift; path = CityServiceTest.swift; sourceTree = "<group>"; };
		1423959F214ED56D00D943A0 /* CitiesViewModelTest.swift */ = {isa = PBXFileReference; lastKnownFileType = sourcecode.swift; path = CitiesViewModelTest.swift; sourceTree = "<group>"; };
		142395A1214EDB8100D943A0 /* CitiesTriesTest.swift */ = {isa = PBXFileReference; lastKnownFileType = sourcecode.swift; path = CitiesTriesTest.swift; sourceTree = "<group>"; };
		1457FC72214F30CF000C080E /* String+Special.swift */ = {isa = PBXFileReference; lastKnownFileType = sourcecode.swift; path = "String+Special.swift"; sourceTree = "<group>"; };
		146724D92155707600D5FA6B /* CityMapViewModel.swift */ = {isa = PBXFileReference; lastKnownFileType = sourcecode.swift; path = CityMapViewModel.swift; sourceTree = "<group>"; };
		14B42B4D214F7021009AE077 /* sp.json */ = {isa = PBXFileReference; fileEncoding = 4; lastKnownFileType = text.json; path = sp.json; sourceTree = "<group>"; };
		14B42B50214FA376009AE077 /* Constant.swift */ = {isa = PBXFileReference; lastKnownFileType = sourcecode.swift; path = Constant.swift; sourceTree = "<group>"; };
/* End PBXFileReference section */

/* Begin PBXFrameworksBuildPhase section */
		1423951B214D385F00D943A0 /* Frameworks */ = {
			isa = PBXFrameworksBuildPhase;
			buildActionMask = 2147483647;
			files = (
			);
			runOnlyForDeploymentPostprocessing = 0;
		};
		1423952F214D386000D943A0 /* Frameworks */ = {
			isa = PBXFrameworksBuildPhase;
			buildActionMask = 2147483647;
			files = (
			);
			runOnlyForDeploymentPostprocessing = 0;
		};
/* End PBXFrameworksBuildPhase section */

/* Begin PBXGroup section */
		141A7FB0214FF52D008DB10A /* TrieNode */ = {
			isa = PBXGroup;
			children = (
				141A7FB1214FF541008DB10A /* CityNode.swift */,
				141A7FB2214FF541008DB10A /* CitiesTrie.swift */,
			);
			path = TrieNode;
			sourceTree = "<group>";
		};
		14239515214D385F00D943A0 = {
			isa = PBXGroup;
			children = (
				14239520214D385F00D943A0 /* SearchCities */,
				14239535214D386000D943A0 /* SearchCitiesTests */,
				1423951F214D385F00D943A0 /* Products */,
			);
			sourceTree = "<group>";
		};
		1423951F214D385F00D943A0 /* Products */ = {
			isa = PBXGroup;
			children = (
				1423951E214D385F00D943A0 /* SearchCities.app */,
				14239532214D386000D943A0 /* SearchCitiesTests.xctest */,
			);
			name = Products;
			sourceTree = "<group>";
		};
		14239520214D385F00D943A0 /* SearchCities */ = {
			isa = PBXGroup;
			children = (
				14B42B4F214FA363009AE077 /* Utilities */,
				14239562214DBDCE00D943A0 /* Application */,
				14239544214D3A9C00D943A0 /* Model */,
				14239546214D3AAD00D943A0 /* Views */,
				14239545214D3AA200D943A0 /* ViewModel */,
				1423954B214D3B4500D943A0 /* Core */,
				1457FC71214F30AB000C080E /* Extension */,
				1423954E214D3BD600D943A0 /* Resources */,
				14239528214D386000D943A0 /* Assets.xcassets */,
				1423952A214D386000D943A0 /* LaunchScreen.storyboard */,
				1423952D214D386000D943A0 /* Info.plist */,
			);
			path = SearchCities;
			sourceTree = "<group>";
		};
		14239535214D386000D943A0 /* SearchCitiesTests */ = {
			isa = PBXGroup;
			children = (
				1423959D214ED2F300D943A0 /* CityServiceTest.swift */,
				1423959F214ED56D00D943A0 /* CitiesViewModelTest.swift */,
				142395A1214EDB8100D943A0 /* CitiesTriesTest.swift */,
				14239538214D386000D943A0 /* Info.plist */,
			);
			path = SearchCitiesTests;
			sourceTree = "<group>";
		};
		14239544214D3A9C00D943A0 /* Model */ = {
			isa = PBXGroup;
			children = (
				141A7FB0214FF52D008DB10A /* TrieNode */,
				14239560214DBD4600D943A0 /* City */,
			);
			path = Model;
			sourceTree = "<group>";
		};
		14239545214D3AA200D943A0 /* ViewModel */ = {
			isa = PBXGroup;
			children = (
				14239551214D3DB400D943A0 /* CitiesViewModel.swift */,
				146724D92155707600D5FA6B /* CityMapViewModel.swift */,
			);
			path = ViewModel;
			sourceTree = "<group>";
		};
		14239546214D3AAD00D943A0 /* Views */ = {
			isa = PBXGroup;
			children = (
				14239563214DBDDB00D943A0 /* UI */,
				14239523214D385F00D943A0 /* CitiesSearchViewController.swift */,
				1423955E214D8A6000D943A0 /* CityMapViewController.swift */,
			);
			path = Views;
			sourceTree = "<group>";
		};
		1423954B214D3B4500D943A0 /* Core */ = {
			isa = PBXGroup;
			children = (
				1423954C214D3B6900D943A0 /* CityService.swift */,
			);
			path = Core;
			sourceTree = "<group>";
		};
		1423954E214D3BD600D943A0 /* Resources */ = {
			isa = PBXGroup;
			children = (
				14239566214E99E300D943A0 /* json */,
				1423954F214D3BE200D943A0 /* cities.json */,
			);
			path = Resources;
			sourceTree = "<group>";
		};
		14239560214DBD4600D943A0 /* City */ = {
			isa = PBXGroup;
			children = (
				14239548214D3AC000D943A0 /* City.swift */,
			);
			path = City;
			sourceTree = "<group>";
		};
		14239562214DBDCE00D943A0 /* Application */ = {
			isa = PBXGroup;
			children = (
				14239521214D385F00D943A0 /* AppDelegate.swift */,
			);
			path = Application;
			sourceTree = "<group>";
		};
		14239563214DBDDB00D943A0 /* UI */ = {
			isa = PBXGroup;
			children = (
				14239525214D385F00D943A0 /* Main.storyboard */,
			);
			path = UI;
			sourceTree = "<group>";
		};
		14239566214E99E300D943A0 /* json */ = {
			isa = PBXGroup;
			children = (
				14B42B4D214F7021009AE077 /* sp.json */,
				14239568214E99E300D943A0 /* a.json */,
				14239580214E99E300D943A0 /* b.json */,
				1423957A214E99E300D943A0 /* c.json */,
				14239578214E99E300D943A0 /* d.json */,
				14239575214E99E300D943A0 /* e.json */,
				14239571214E99E300D943A0 /* f.json */,
				14239570214E99E300D943A0 /* g.json */,
				14239579214E99E300D943A0 /* h.json */,
				14239574214E99E300D943A0 /* i.json */,
				14239573214E99E300D943A0 /* j.json */,
				1423956E214E99E300D943A0 /* k.json */,
				1423956B214E99E300D943A0 /* l.json */,
				1423956A214E99E300D943A0 /* m.json */,
				1423957E214E99E300D943A0 /* n.json */,
				1423957C214E99E300D943A0 /* o.json */,
				14239576214E99E300D943A0 /* p.json */,
				14239577214E99E300D943A0 /* q.json */,
				1423956F214E99E300D943A0 /* r.json */,
				14239572214E99E300D943A0 /* s.json */,
				14239567214E99E300D943A0 /* t.json */,
				1423956D214E99E300D943A0 /* u.json */,
				1423957B214E99E300D943A0 /* v.json */,
				1423957F214E99E300D943A0 /* w.json */,
				14239569214E99E300D943A0 /* x.json */,
				1423956C214E99E300D943A0 /* y.json */,
				1423957D214E99E300D943A0 /* z.json */,
			);
			path = json;
			sourceTree = "<group>";
		};
		1457FC71214F30AB000C080E /* Extension */ = {
			isa = PBXGroup;
			children = (
				1457FC72214F30CF000C080E /* String+Special.swift */,
			);
			path = Extension;
			sourceTree = "<group>";
		};
		14B42B4F214FA363009AE077 /* Utilities */ = {
			isa = PBXGroup;
			children = (
				14B42B50214FA376009AE077 /* Constant.swift */,
			);
			path = Utilities;
			sourceTree = "<group>";
		};
/* End PBXGroup section */

/* Begin PBXNativeTarget section */
		1423951D214D385F00D943A0 /* SearchCities */ = {
			isa = PBXNativeTarget;
			buildConfigurationList = 1423953B214D386000D943A0 /* Build configuration list for PBXNativeTarget "SearchCities" */;
			buildPhases = (
				1423951A214D385F00D943A0 /* Sources */,
				1423951B214D385F00D943A0 /* Frameworks */,
				1423951C214D385F00D943A0 /* Resources */,
			);
			buildRules = (
			);
			dependencies = (
			);
			name = SearchCities;
			productName = SearchCities;
			productReference = 1423951E214D385F00D943A0 /* SearchCities.app */;
			productType = "com.apple.product-type.application";
		};
		14239531214D386000D943A0 /* SearchCitiesTests */ = {
			isa = PBXNativeTarget;
			buildConfigurationList = 1423953E214D386000D943A0 /* Build configuration list for PBXNativeTarget "SearchCitiesTests" */;
			buildPhases = (
				1423952E214D386000D943A0 /* Sources */,
				1423952F214D386000D943A0 /* Frameworks */,
				14239530214D386000D943A0 /* Resources */,
			);
			buildRules = (
			);
			dependencies = (
				14239534214D386000D943A0 /* PBXTargetDependency */,
			);
			name = SearchCitiesTests;
			productName = SearchCitiesTests;
			productReference = 14239532214D386000D943A0 /* SearchCitiesTests.xctest */;
			productType = "com.apple.product-type.bundle.unit-test";
		};
/* End PBXNativeTarget section */

/* Begin PBXProject section */
		14239516214D385F00D943A0 /* Project object */ = {
			isa = PBXProject;
			attributes = {
				LastSwiftUpdateCheck = 0940;
				LastUpgradeCheck = 0940;
				ORGANIZATIONNAME = "Ahmed Askar";
				TargetAttributes = {
					1423951D214D385F00D943A0 = {
						CreatedOnToolsVersion = 9.4.1;
					};
					14239531214D386000D943A0 = {
						CreatedOnToolsVersion = 9.4.1;
						TestTargetID = 1423951D214D385F00D943A0;
					};
				};
			};
			buildConfigurationList = 14239519214D385F00D943A0 /* Build configuration list for PBXProject "SearchCities" */;
			compatibilityVersion = "Xcode 9.3";
			developmentRegion = en;
			hasScannedForEncodings = 0;
			knownRegions = (
				en,
				Base,
			);
			mainGroup = 14239515214D385F00D943A0;
			productRefGroup = 1423951F214D385F00D943A0 /* Products */;
			projectDirPath = "";
			projectRoot = "";
			targets = (
				1423951D214D385F00D943A0 /* SearchCities */,
				14239531214D386000D943A0 /* SearchCitiesTests */,
			);
		};
/* End PBXProject section */

/* Begin PBXResourcesBuildPhase section */
		1423951C214D385F00D943A0 /* Resources */ = {
			isa = PBXResourcesBuildPhase;
			buildActionMask = 2147483647;
			files = (
				14239595214E99E300D943A0 /* v.json in Resources */,
				14239588214E99E300D943A0 /* k.json in Resources */,
				14239585214E99E300D943A0 /* l.json in Resources */,
				14239550214D3BE200D943A0 /* cities.json in Resources */,
				14239599214E99E300D943A0 /* w.json in Resources */,
				1423958E214E99E300D943A0 /* i.json in Resources */,
				1423958B214E99E300D943A0 /* f.json in Resources */,
				14239587214E99E300D943A0 /* u.json in Resources */,
				14B42B4E214F7022009AE077 /* sp.json in Resources */,
				14239581214E99E300D943A0 /* t.json in Resources */,
				1423952C214D386000D943A0 /* LaunchScreen.storyboard in Resources */,
				14239592214E99E300D943A0 /* d.json in Resources */,
				14239594214E99E300D943A0 /* c.json in Resources */,
				14239584214E99E300D943A0 /* m.json in Resources */,
				14239529214D386000D943A0 /* Assets.xcassets in Resources */,
				1423958D214E99E300D943A0 /* j.json in Resources */,
				14239527214D385F00D943A0 /* Main.storyboard in Resources */,
				1423959A214E99E300D943A0 /* b.json in Resources */,
				14239597214E99E300D943A0 /* z.json in Resources */,
				14239593214E99E300D943A0 /* h.json in Resources */,
				1423958A214E99E300D943A0 /* g.json in Resources */,
				14239589214E99E300D943A0 /* r.json in Resources */,
				1423958F214E99E300D943A0 /* e.json in Resources */,
				1423958C214E99E300D943A0 /* s.json in Resources */,
				14239596214E99E300D943A0 /* o.json in Resources */,
				14239591214E99E300D943A0 /* q.json in Resources */,
				14239583214E99E300D943A0 /* x.json in Resources */,
				14239586214E99E300D943A0 /* y.json in Resources */,
				14239598214E99E300D943A0 /* n.json in Resources */,
				14239590214E99E300D943A0 /* p.json in Resources */,
				14239582214E99E300D943A0 /* a.json in Resources */,
			);
			runOnlyForDeploymentPostprocessing = 0;
		};
		14239530214D386000D943A0 /* Resources */ = {
			isa = PBXResourcesBuildPhase;
			buildActionMask = 2147483647;
			files = (
			);
			runOnlyForDeploymentPostprocessing = 0;
		};
/* End PBXResourcesBuildPhase section */

/* Begin PBXSourcesBuildPhase section */
		1423951A214D385F00D943A0 /* Sources */ = {
			isa = PBXSourcesBuildPhase;
			buildActionMask = 2147483647;
			files = (
				1423954D214D3B6900D943A0 /* CityService.swift in Sources */,
				1457FC73214F30CF000C080E /* String+Special.swift in Sources */,
				14239552214D3DB400D943A0 /* CitiesViewModel.swift in Sources */,
				141A7FB3214FF542008DB10A /* CityNode.swift in Sources */,
				141A7FB4214FF542008DB10A /* CitiesTrie.swift in Sources */,
				1423955F214D8A6000D943A0 /* CityMapViewController.swift in Sources */,
				146724DA2155707600D5FA6B /* CityMapViewModel.swift in Sources */,
				1423954A214D3AC000D943A0 /* City.swift in Sources */,
				14239524214D385F00D943A0 /* CitiesSearchViewController.swift in Sources */,
				14B42B51214FA376009AE077 /* Constant.swift in Sources */,
				14239522214D385F00D943A0 /* AppDelegate.swift in Sources */,
			);
			runOnlyForDeploymentPostprocessing = 0;
		};
		1423952E214D386000D943A0 /* Sources */ = {
			isa = PBXSourcesBuildPhase;
			buildActionMask = 2147483647;
			files = (
				142395A2214EDB8100D943A0 /* CitiesTriesTest.swift in Sources */,
				1423959E214ED2F300D943A0 /* CityServiceTest.swift in Sources */,
				142395A0214ED56D00D943A0 /* CitiesViewModelTest.swift in Sources */,
			);
			runOnlyForDeploymentPostprocessing = 0;
		};
/* End PBXSourcesBuildPhase section */

/* Begin PBXTargetDependency section */
		14239534214D386000D943A0 /* PBXTargetDependency */ = {
			isa = PBXTargetDependency;
			target = 1423951D214D385F00D943A0 /* SearchCities */;
			targetProxy = 14239533214D386000D943A0 /* PBXContainerItemProxy */;
		};
/* End PBXTargetDependency section */

/* Begin PBXVariantGroup section */
		14239525214D385F00D943A0 /* Main.storyboard */ = {
			isa = PBXVariantGroup;
			children = (
				14239526214D385F00D943A0 /* Base */,
			);
			name = Main.storyboard;
			sourceTree = "<group>";
		};
		1423952A214D386000D943A0 /* LaunchScreen.storyboard */ = {
			isa = PBXVariantGroup;
			children = (
				1423952B214D386000D943A0 /* Base */,
			);
			name = LaunchScreen.storyboard;
			sourceTree = "<group>";
		};
/* End PBXVariantGroup section */

/* Begin XCBuildConfiguration section */
		14239539214D386000D943A0 /* Debug */ = {
			isa = XCBuildConfiguration;
			buildSettings = {
				ALWAYS_SEARCH_USER_PATHS = NO;
				CLANG_ANALYZER_NONNULL = YES;
				CLANG_ANALYZER_NUMBER_OBJECT_CONVERSION = YES_AGGRESSIVE;
				CLANG_CXX_LANGUAGE_STANDARD = "gnu++14";
				CLANG_CXX_LIBRARY = "libc++";
				CLANG_ENABLE_MODULES = YES;
				CLANG_ENABLE_OBJC_ARC = YES;
				CLANG_ENABLE_OBJC_WEAK = YES;
				CLANG_WARN_BLOCK_CAPTURE_AUTORELEASING = YES;
				CLANG_WARN_BOOL_CONVERSION = YES;
				CLANG_WARN_COMMA = YES;
				CLANG_WARN_CONSTANT_CONVERSION = YES;
				CLANG_WARN_DEPRECATED_OBJC_IMPLEMENTATIONS = YES;
				CLANG_WARN_DIRECT_OBJC_ISA_USAGE = YES_ERROR;
				CLANG_WARN_DOCUMENTATION_COMMENTS = YES;
				CLANG_WARN_EMPTY_BODY = YES;
				CLANG_WARN_ENUM_CONVERSION = YES;
				CLANG_WARN_INFINITE_RECURSION = YES;
				CLANG_WARN_INT_CONVERSION = YES;
				CLANG_WARN_NON_LITERAL_NULL_CONVERSION = YES;
				CLANG_WARN_OBJC_IMPLICIT_RETAIN_SELF = YES;
				CLANG_WARN_OBJC_LITERAL_CONVERSION = YES;
				CLANG_WARN_OBJC_ROOT_CLASS = YES_ERROR;
				CLANG_WARN_RANGE_LOOP_ANALYSIS = YES;
				CLANG_WARN_STRICT_PROTOTYPES = YES;
				CLANG_WARN_SUSPICIOUS_MOVE = YES;
				CLANG_WARN_UNGUARDED_AVAILABILITY = YES_AGGRESSIVE;
				CLANG_WARN_UNREACHABLE_CODE = YES;
				CLANG_WARN__DUPLICATE_METHOD_MATCH = YES;
				CODE_SIGN_IDENTITY = "iPhone Developer";
				COPY_PHASE_STRIP = NO;
				DEBUG_INFORMATION_FORMAT = dwarf;
				ENABLE_STRICT_OBJC_MSGSEND = YES;
				ENABLE_TESTABILITY = YES;
				GCC_C_LANGUAGE_STANDARD = gnu11;
				GCC_DYNAMIC_NO_PIC = NO;
				GCC_NO_COMMON_BLOCKS = YES;
				GCC_OPTIMIZATION_LEVEL = 0;
				GCC_PREPROCESSOR_DEFINITIONS = (
					"DEBUG=1",
					"$(inherited)",
				);
				GCC_WARN_64_TO_32_BIT_CONVERSION = YES;
				GCC_WARN_ABOUT_RETURN_TYPE = YES_ERROR;
				GCC_WARN_UNDECLARED_SELECTOR = YES;
				GCC_WARN_UNINITIALIZED_AUTOS = YES_AGGRESSIVE;
				GCC_WARN_UNUSED_FUNCTION = YES;
				GCC_WARN_UNUSED_VARIABLE = YES;
				IPHONEOS_DEPLOYMENT_TARGET = 11.4;
				MTL_ENABLE_DEBUG_INFO = YES;
				ONLY_ACTIVE_ARCH = YES;
				SDKROOT = iphoneos;
				SWIFT_ACTIVE_COMPILATION_CONDITIONS = DEBUG;
				SWIFT_OPTIMIZATION_LEVEL = "-Onone";
			};
			name = Debug;
		};
		1423953A214D386000D943A0 /* Release */ = {
			isa = XCBuildConfiguration;
			buildSettings = {
				ALWAYS_SEARCH_USER_PATHS = NO;
				CLANG_ANALYZER_NONNULL = YES;
				CLANG_ANALYZER_NUMBER_OBJECT_CONVERSION = YES_AGGRESSIVE;
				CLANG_CXX_LANGUAGE_STANDARD = "gnu++14";
				CLANG_CXX_LIBRARY = "libc++";
				CLANG_ENABLE_MODULES = YES;
				CLANG_ENABLE_OBJC_ARC = YES;
				CLANG_ENABLE_OBJC_WEAK = YES;
				CLANG_WARN_BLOCK_CAPTURE_AUTORELEASING = YES;
				CLANG_WARN_BOOL_CONVERSION = YES;
				CLANG_WARN_COMMA = YES;
				CLANG_WARN_CONSTANT_CONVERSION = YES;
				CLANG_WARN_DEPRECATED_OBJC_IMPLEMENTATIONS = YES;
				CLANG_WARN_DIRECT_OBJC_ISA_USAGE = YES_ERROR;
				CLANG_WARN_DOCUMENTATION_COMMENTS = YES;
				CLANG_WARN_EMPTY_BODY = YES;
				CLANG_WARN_ENUM_CONVERSION = YES;
				CLANG_WARN_INFINITE_RECURSION = YES;
				CLANG_WARN_INT_CONVERSION = YES;
				CLANG_WARN_NON_LITERAL_NULL_CONVERSION = YES;
				CLANG_WARN_OBJC_IMPLICIT_RETAIN_SELF = YES;
				CLANG_WARN_OBJC_LITERAL_CONVERSION = YES;
				CLANG_WARN_OBJC_ROOT_CLASS = YES_ERROR;
				CLANG_WARN_RANGE_LOOP_ANALYSIS = YES;
				CLANG_WARN_STRICT_PROTOTYPES = YES;
				CLANG_WARN_SUSPICIOUS_MOVE = YES;
				CLANG_WARN_UNGUARDED_AVAILABILITY = YES_AGGRESSIVE;
				CLANG_WARN_UNREACHABLE_CODE = YES;
				CLANG_WARN__DUPLICATE_METHOD_MATCH = YES;
				CODE_SIGN_IDENTITY = "iPhone Developer";
				COPY_PHASE_STRIP = NO;
				DEBUG_INFORMATION_FORMAT = "dwarf-with-dsym";
				ENABLE_NS_ASSERTIONS = NO;
				ENABLE_STRICT_OBJC_MSGSEND = YES;
				GCC_C_LANGUAGE_STANDARD = gnu11;
				GCC_NO_COMMON_BLOCKS = YES;
				GCC_WARN_64_TO_32_BIT_CONVERSION = YES;
				GCC_WARN_ABOUT_RETURN_TYPE = YES_ERROR;
				GCC_WARN_UNDECLARED_SELECTOR = YES;
				GCC_WARN_UNINITIALIZED_AUTOS = YES_AGGRESSIVE;
				GCC_WARN_UNUSED_FUNCTION = YES;
				GCC_WARN_UNUSED_VARIABLE = YES;
				IPHONEOS_DEPLOYMENT_TARGET = 11.4;
				MTL_ENABLE_DEBUG_INFO = NO;
				SDKROOT = iphoneos;
				SWIFT_COMPILATION_MODE = wholemodule;
				SWIFT_OPTIMIZATION_LEVEL = "-O";
				VALIDATE_PRODUCT = YES;
			};
			name = Release;
		};
		1423953C214D386000D943A0 /* Debug */ = {
			isa = XCBuildConfiguration;
			buildSettings = {
				ASSETCATALOG_COMPILER_APPICON_NAME = AppIcon;
				CODE_SIGN_STYLE = Manual;
				DEVELOPMENT_TEAM = URXBC887S2;
				INFOPLIST_FILE = SearchCities/Info.plist;
				IPHONEOS_DEPLOYMENT_TARGET = 10.0;
				LD_RUNPATH_SEARCH_PATHS = (
					"$(inherited)",
					"@executable_path/Frameworks",
				);
				PRODUCT_BUNDLE_IDENTIFIER = com.omnichannel.cmsclient;
				PRODUCT_NAME = "$(TARGET_NAME)";
				PROVISIONING_PROFILE = "eda72978-0b6f-40c4-84bd-0ed4b2bbd637";
				PROVISIONING_PROFILE_SPECIFIER = "Pixcel Development";
				SWIFT_VERSION = 4.0;
				TARGETED_DEVICE_FAMILY = 1;
			};
			name = Debug;
		};
		1423953D214D386000D943A0 /* Release */ = {
			isa = XCBuildConfiguration;
			buildSettings = {
				ASSETCATALOG_COMPILER_APPICON_NAME = AppIcon;
				CODE_SIGN_IDENTITY = "iPhone Distribution";
				CODE_SIGN_STYLE = Manual;
				DEVELOPMENT_TEAM = URXBC887S2;
				INFOPLIST_FILE = SearchCities/Info.plist;
				IPHONEOS_DEPLOYMENT_TARGET = 10.0;
				LD_RUNPATH_SEARCH_PATHS = (
					"$(inherited)",
					"@executable_path/Frameworks",
				);
				PRODUCT_BUNDLE_IDENTIFIER = com.omnichannel.cmsclient;
				PRODUCT_NAME = "$(TARGET_NAME)";
				PROVISIONING_PROFILE = "f20cfc5b-d95c-4f57-b408-f19e3d99f1bc";
				PROVISIONING_PROFILE_SPECIFIER = Pixcel_AdHoc;
				SWIFT_VERSION = 4.0;
				TARGETED_DEVICE_FAMILY = 1;
			};
			name = Release;
		};
		1423953F214D386000D943A0 /* Debug */ = {
			isa = XCBuildConfiguration;
			buildSettings = {
				ALWAYS_EMBED_SWIFT_STANDARD_LIBRARIES = YES;
				BUNDLE_LOADER = "$(TEST_HOST)";
				CODE_SIGN_STYLE = Automatic;
				INFOPLIST_FILE = SearchCitiesTests/Info.plist;
				LD_RUNPATH_SEARCH_PATHS = (
					"$(inherited)",
					"@executable_path/Frameworks",
					"@loader_path/Frameworks",
				);
				PRODUCT_BUNDLE_IDENTIFIER = Askar.SearchCitiesTests;
				PRODUCT_NAME = "$(TARGET_NAME)";
				SWIFT_VERSION = 4.0;
				TARGETED_DEVICE_FAMILY = "1,2";
				TEST_HOST = "$(BUILT_PRODUCTS_DIR)/SearchCities.app/SearchCities";
			};
			name = Debug;
		};
		14239540214D386000D943A0 /* Release */ = {
			isa = XCBuildConfiguration;
			buildSettings = {
				ALWAYS_EMBED_SWIFT_STANDARD_LIBRARIES = YES;
				BUNDLE_LOADER = "$(TEST_HOST)";
				CODE_SIGN_STYLE = Automatic;
				INFOPLIST_FILE = SearchCitiesTests/Info.plist;
				LD_RUNPATH_SEARCH_PATHS = (
					"$(inherited)",
					"@executable_path/Frameworks",
					"@loader_path/Frameworks",
				);
				PRODUCT_BUNDLE_IDENTIFIER = Askar.SearchCitiesTests;
				PRODUCT_NAME = "$(TARGET_NAME)";
				SWIFT_VERSION = 4.0;
				TARGETED_DEVICE_FAMILY = "1,2";
				TEST_HOST = "$(BUILT_PRODUCTS_DIR)/SearchCities.app/SearchCities";
			};
			name = Release;
		};
/* End XCBuildConfiguration section */

/* Begin XCConfigurationList section */
		14239519214D385F00D943A0 /* Build configuration list for PBXProject "SearchCities" */ = {
			isa = XCConfigurationList;
			buildConfigurations = (
				14239539214D386000D943A0 /* Debug */,
				1423953A214D386000D943A0 /* Release */,
			);
			defaultConfigurationIsVisible = 0;
			defaultConfigurationName = Release;
		};
		1423953B214D386000D943A0 /* Build configuration list for PBXNativeTarget "SearchCities" */ = {
			isa = XCConfigurationList;
			buildConfigurations = (
				1423953C214D386000D943A0 /* Debug */,
				1423953D214D386000D943A0 /* Release */,
			);
			defaultConfigurationIsVisible = 0;
			defaultConfigurationName = Release;
		};
		1423953E214D386000D943A0 /* Build configuration list for PBXNativeTarget "SearchCitiesTests" */ = {
			isa = XCConfigurationList;
			buildConfigurations = (
				1423953F214D386000D943A0 /* Debug */,
				14239540214D386000D943A0 /* Release */,
			);
			defaultConfigurationIsVisible = 0;
			defaultConfigurationName = Release;
		};
/* End XCConfigurationList section */
	};
	rootObject = 14239516214D385F00D943A0 /* Project object */;
}
